
Microsoft Visual Studio Solution File, Format Version 12.00
Project("{FAE04EC0-301F-11D3-BF4B-00C04F79EFBC}") = "LspBridge.CSharp", "LspBridge.CSharp.csproj", "{76509577-E466-46A6-AD22-E3ADC862FE44}"
EndProject
Project("{2150E333-8FDC-42A3-9474-1A3956D46DE8}") = "Solution Items", "Solution Items", "{F43AD01C-FB0C-4843-83A0-749CDBCE5893}"
	ProjectSection(SolutionItems) = preProject
		compose.yaml = compose.yaml
	EndProjectSection
EndProject
Global
	GlobalSection(SolutionConfigurationPlatforms) = preSolution
		Debug|Any CPU = Debug|Any CPU
		Release|Any CPU = Release|Any CPU
	EndGlobalSection
	GlobalSection(ProjectConfigurationPlatforms) = postSolution
		{76509577-E466-46A6-AD22-E3ADC862FE44}.Debug|Any CPU.ActiveCfg = Debug|Any CPU
		{76509577-E466-46A6-AD22-E3ADC862FE44}.Debug|Any CPU.Build.0 = Debug|Any CPU
		{76509577-E466-46A6-AD22-E3ADC862FE44}.Release|Any CPU.ActiveCfg = Release|Any CPU
		{76509577-E466-46A6-AD22-E3ADC862FE44}.Release|Any CPU.Build.0 = Release|Any CPU
	EndGlobalSection
EndGlobal
